
Microsoft Visual Studio Solution File, Format Version 12.00
# Visual Studio Version 17
VisualStudioVersion = 17.0.31903.59
MinimumVisualStudioVersion = 10.0.40219.1
Project("{FAE04EC0-301F-11D3-BF4B-00C04F79EFBC}") = "ServiceDragon", "ServiceDragon\ServiceDragon.csproj", "{BC229AEA-7CC1-4A3D-907D-4F3841299ECA}"
EndProject
Project("{FAE04EC0-301F-11D3-BF4B-00C04F79EFBC}") = "ServiceDragon.Tests", "ServiceDragon.Tests\ServiceDragon.Tests.csproj", "{C7567C98-D165-4595-94E2-2253CA4AE9EE}"
EndProject
Global
	GlobalSection(SolutionConfigurationPlatforms) = preSolution
		Debug|Any CPU = Debug|Any CPU
		Release|Any CPU = Release|Any CPU
	EndGlobalSection
	GlobalSection(SolutionProperties) = preSolution
		HideSolutionNode = FALSE
	EndGlobalSection
	GlobalSection(ProjectConfigurationPlatforms) = postSolution
		{BC229AEA-7CC1-4A3D-907D-4F3841299ECA}.Debug|Any CPU.ActiveCfg = Debug|Any CPU
		{BC229AEA-7CC1-4A3D-907D-4F3841299ECA}.Debug|Any CPU.Build.0 = Debug|Any CPU
		{BC229AEA-7CC1-4A3D-907D-4F3841299ECA}.Release|Any CPU.ActiveCfg = Release|Any CPU
		{BC229AEA-7CC1-4A3D-907D-4F3841299ECA}.Release|Any CPU.Build.0 = Release|Any CPU
		{C7567C98-D165-4595-94E2-2253CA4AE9EE}.Debug|Any CPU.ActiveCfg = Debug|Any CPU
		{C7567C98-D165-4595-94E2-2253CA4AE9EE}.Debug|Any CPU.Build.0 = Debug|Any CPU
		{C7567C98-D165-4595-94E2-2253CA4AE9EE}.Release|Any CPU.ActiveCfg = Release|Any CPU
		{C7567C98-D165-4595-94E2-2253CA4AE9EE}.Release|Any CPU.Build.0 = Release|Any CPU
	EndGlobalSection
EndGlobal
